// !$*UTF8*$!
{
	archiveVersion = 1;
	classes = {
	};
	objectVersion = 55;
	objects = {

/* Begin PBXBuildFile section */
		CA701FFB282864AF00F6BBF2 /* AppDelegate.swift in Sources */ = {isa = PBXBuildFile; fileRef = CA701FFA282864AF00F6BBF2 /* AppDelegate.swift */; };
		CA701FFD282864AF00F6BBF2 /* SceneDelegate.swift in Sources */ = {isa = PBXBuildFile; fileRef = CA701FFC282864AF00F6BBF2 /* SceneDelegate.swift */; };
		CA702004282864B000F6BBF2 /* Assets.xcassets in Resources */ = {isa = PBXBuildFile; fileRef = CA702003282864B000F6BBF2 /* Assets.xcassets */; };
		CA702007282864B000F6BBF2 /* LaunchScreen.storyboard in Resources */ = {isa = PBXBuildFile; fileRef = CA702005282864B000F6BBF2 /* LaunchScreen.storyboard */; };
		CA702012282864B000F6BBF2 /* MayDay_Assessment_UIKitTests.swift in Sources */ = {isa = PBXBuildFile; fileRef = CA702011282864B000F6BBF2 /* MayDay_Assessment_UIKitTests.swift */; };
		CA70201C282864B000F6BBF2 /* MayDay_Assessment_UIKitUITests.swift in Sources */ = {isa = PBXBuildFile; fileRef = CA70201B282864B000F6BBF2 /* MayDay_Assessment_UIKitUITests.swift */; };
		CA70201E282864B000F6BBF2 /* MayDay_Assessment_UIKitUITestsLaunchTests.swift in Sources */ = {isa = PBXBuildFile; fileRef = CA70201D282864B000F6BBF2 /* MayDay_Assessment_UIKitUITestsLaunchTests.swift */; };
		CA702032282864E500F6BBF2 /* UsersViewModel.swift in Sources */ = {isa = PBXBuildFile; fileRef = CA70202D282864E500F6BBF2 /* UsersViewModel.swift */; };
		CA702033282864E500F6BBF2 /* UsersViewController.swift in Sources */ = {isa = PBXBuildFile; fileRef = CA70202F282864E500F6BBF2 /* UsersViewController.swift */; };
		CA702034282864E500F6BBF2 /* UserTableViewCell.swift in Sources */ = {isa = PBXBuildFile; fileRef = CA702031282864E500F6BBF2 /* UserTableViewCell.swift */; };
		CA70203A282864F300F6BBF2 /* UITableViewCell+Identifier.swift in Sources */ = {isa = PBXBuildFile; fileRef = CA702036282864F300F6BBF2 /* UITableViewCell+Identifier.swift */; };
		CA70203B282864F300F6BBF2 /* UIViewController+UIAlertController.swift in Sources */ = {isa = PBXBuildFile; fileRef = CA702037282864F300F6BBF2 /* UIViewController+UIAlertController.swift */; };
		CA70203C282864F300F6BBF2 /* Data+JSONDecoder.swift in Sources */ = {isa = PBXBuildFile; fileRef = CA702038282864F300F6BBF2 /* Data+JSONDecoder.swift */; };
		CA70203D282864F300F6BBF2 /* Styles+Font.swift in Sources */ = {isa = PBXBuildFile; fileRef = CA702039282864F300F6BBF2 /* Styles+Font.swift */; };
		CA702046282864F900F6BBF2 /* NetworkService.swift in Sources */ = {isa = PBXBuildFile; fileRef = CA702040282864F900F6BBF2 /* NetworkService.swift */; };
		CA702047282864F900F6BBF2 /* APIEnviroment.swift in Sources */ = {isa = PBXBuildFile; fileRef = CA702041282864F900F6BBF2 /* APIEnviroment.swift */; };
		CA702048282864F900F6BBF2 /* DataRequest.swift in Sources */ = {isa = PBXBuildFile; fileRef = CA702042282864F900F6BBF2 /* DataRequest.swift */; };
		CA702049282864F900F6BBF2 /* UserAPIs.swift in Sources */ = {isa = PBXBuildFile; fileRef = CA702044282864F900F6BBF2 /* UserAPIs.swift */; };
		CA70204A282864F900F6BBF2 /* UserService.swift in Sources */ = {isa = PBXBuildFile; fileRef = CA702045282864F900F6BBF2 /* UserService.swift */; };
		CA70205E2828651000F6BBF2 /* Result.swift in Sources */ = {isa = PBXBuildFile; fileRef = CA7020592828651000F6BBF2 /* Result.swift */; };
		CA70205F2828651000F6BBF2 /* Picture.swift in Sources */ = {isa = PBXBuildFile; fileRef = CA70205B2828651000F6BBF2 /* Picture.swift */; };
		CA7020602828651000F6BBF2 /* User.swift in Sources */ = {isa = PBXBuildFile; fileRef = CA70205C2828651000F6BBF2 /* User.swift */; };
		CA7020612828651000F6BBF2 /* Name.swift in Sources */ = {isa = PBXBuildFile; fileRef = CA70205D2828651000F6BBF2 /* Name.swift */; };
		CA7020762828652A00F6BBF2 /* Montserrat-LightItalic.ttf in Resources */ = {isa = PBXBuildFile; fileRef = CA7020642828652A00F6BBF2 /* Montserrat-LightItalic.ttf */; };
		CA7020772828652A00F6BBF2 /* Montserrat-Medium.ttf in Resources */ = {isa = PBXBuildFile; fileRef = CA7020652828652A00F6BBF2 /* Montserrat-Medium.ttf */; };
		CA7020782828652A00F6BBF2 /* Montserrat-BoldItalic.ttf in Resources */ = {isa = PBXBuildFile; fileRef = CA7020662828652A00F6BBF2 /* Montserrat-BoldItalic.ttf */; };
		CA7020792828652A00F6BBF2 /* Montserrat-Light.ttf in Resources */ = {isa = PBXBuildFile; fileRef = CA7020672828652A00F6BBF2 /* Montserrat-Light.ttf */; };
		CA70207A2828652A00F6BBF2 /* Montserrat-ThinItalic.ttf in Resources */ = {isa = PBXBuildFile; fileRef = CA7020682828652A00F6BBF2 /* Montserrat-ThinItalic.ttf */; };
		CA70207B2828652A00F6BBF2 /* Montserrat-ExtraLight.ttf in Resources */ = {isa = PBXBuildFile; fileRef = CA7020692828652A00F6BBF2 /* Montserrat-ExtraLight.ttf */; };
		CA70207C2828652A00F6BBF2 /* Montserrat-Thin.ttf in Resources */ = {isa = PBXBuildFile; fileRef = CA70206A2828652A00F6BBF2 /* Montserrat-Thin.ttf */; };
		CA70207D2828652A00F6BBF2 /* Montserrat-Bold.ttf in Resources */ = {isa = PBXBuildFile; fileRef = CA70206B2828652A00F6BBF2 /* Montserrat-Bold.ttf */; };
		CA70207E2828652A00F6BBF2 /* Montserrat-MediumItalic.ttf in Resources */ = {isa = PBXBuildFile; fileRef = CA70206C2828652A00F6BBF2 /* Montserrat-MediumItalic.ttf */; };
		CA70207F2828652A00F6BBF2 /* Montserrat-BlackItalic.ttf in Resources */ = {isa = PBXBuildFile; fileRef = CA70206D2828652A00F6BBF2 /* Montserrat-BlackItalic.ttf */; };
		CA7020802828652A00F6BBF2 /* Montserrat-SemiBold.ttf in Resources */ = {isa = PBXBuildFile; fileRef = CA70206E2828652A00F6BBF2 /* Montserrat-SemiBold.ttf */; };
		CA7020812828652A00F6BBF2 /* Montserrat-ExtraLightItalic.ttf in Resources */ = {isa = PBXBuildFile; fileRef = CA70206F2828652A00F6BBF2 /* Montserrat-ExtraLightItalic.ttf */; };
		CA7020822828652A00F6BBF2 /* Montserrat-ExtraBold.ttf in Resources */ = {isa = PBXBuildFile; fileRef = CA7020702828652A00F6BBF2 /* Montserrat-ExtraBold.ttf */; };
		CA7020832828652A00F6BBF2 /* Montserrat-Black.ttf in Resources */ = {isa = PBXBuildFile; fileRef = CA7020712828652A00F6BBF2 /* Montserrat-Black.ttf */; };
		CA7020842828652A00F6BBF2 /* Montserrat-Regular.ttf in Resources */ = {isa = PBXBuildFile; fileRef = CA7020722828652A00F6BBF2 /* Montserrat-Regular.ttf */; };
		CA7020852828652A00F6BBF2 /* Montserrat-Italic.ttf in Resources */ = {isa = PBXBuildFile; fileRef = CA7020732828652A00F6BBF2 /* Montserrat-Italic.ttf */; };
		CA7020862828652A00F6BBF2 /* Montserrat-SemiBoldItalic.ttf in Resources */ = {isa = PBXBuildFile; fileRef = CA7020742828652A00F6BBF2 /* Montserrat-SemiBoldItalic.ttf */; };
		CA7020872828652A00F6BBF2 /* Montserrat-ExtraBoldItalic.ttf in Resources */ = {isa = PBXBuildFile; fileRef = CA7020752828652A00F6BBF2 /* Montserrat-ExtraBoldItalic.ttf */; };
		CA70208B2828653600F6BBF2 /* UserTests.swift in Sources */ = {isa = PBXBuildFile; fileRef = CA7020892828653600F6BBF2 /* UserTests.swift */; };
		CA70208C2828653600F6BBF2 /* UsersJSONTest.json in Resources */ = {isa = PBXBuildFile; fileRef = CA70208A2828653600F6BBF2 /* UsersJSONTest.json */; };
		CA70208F2828653C00F6BBF2 /* NetworkLayer_Tests.swift in Sources */ = {isa = PBXBuildFile; fileRef = CA70208E2828653C00F6BBF2 /* NetworkLayer_Tests.swift */; };
		CA7020902828658E00F6BBF2 /* UsersJSONTest.json in Resources */ = {isa = PBXBuildFile; fileRef = CA70208A2828653600F6BBF2 /* UsersJSONTest.json */; };
/* End PBXBuildFile section */

/* Begin PBXContainerItemProxy section */
		CA70200E282864B000F6BBF2 /* PBXContainerItemProxy */ = {
			isa = PBXContainerItemProxy;
			containerPortal = CA701FEF282864AF00F6BBF2 /* Project object */;
			proxyType = 1;
			remoteGlobalIDString = CA701FF6282864AF00F6BBF2;
			remoteInfo = "MayDay-Assessment-UIKit";
		};
		CA702018282864B000F6BBF2 /* PBXContainerItemProxy */ = {
			isa = PBXContainerItemProxy;
			containerPortal = CA701FEF282864AF00F6BBF2 /* Project object */;
			proxyType = 1;
			remoteGlobalIDString = CA701FF6282864AF00F6BBF2;
			remoteInfo = "MayDay-Assessment-UIKit";
		};
/* End PBXContainerItemProxy section */

/* Begin PBXFileReference section */
		CA701FF7282864AF00F6BBF2 /* MayDay-Assessment-UIKit.app */ = {isa = PBXFileReference; explicitFileType = wrapper.application; includeInIndex = 0; path = "MayDay-Assessment-UIKit.app"; sourceTree = BUILT_PRODUCTS_DIR; };
		CA701FFA282864AF00F6BBF2 /* AppDelegate.swift */ = {isa = PBXFileReference; lastKnownFileType = sourcecode.swift; path = AppDelegate.swift; sourceTree = "<group>"; };
		CA701FFC282864AF00F6BBF2 /* SceneDelegate.swift */ = {isa = PBXFileReference; lastKnownFileType = sourcecode.swift; path = SceneDelegate.swift; sourceTree = "<group>"; };
		CA702003282864B000F6BBF2 /* Assets.xcassets */ = {isa = PBXFileReference; lastKnownFileType = folder.assetcatalog; path = Assets.xcassets; sourceTree = "<group>"; };
		CA702006282864B000F6BBF2 /* Base */ = {isa = PBXFileReference; lastKnownFileType = file.storyboard; name = Base; path = Base.lproj/LaunchScreen.storyboard; sourceTree = "<group>"; };
		CA702008282864B000F6BBF2 /* Info.plist */ = {isa = PBXFileReference; lastKnownFileType = text.plist.xml; path = Info.plist; sourceTree = "<group>"; };
		CA70200D282864B000F6BBF2 /* MayDay-Assessment-UIKitTests.xctest */ = {isa = PBXFileReference; explicitFileType = wrapper.cfbundle; includeInIndex = 0; path = "MayDay-Assessment-UIKitTests.xctest"; sourceTree = BUILT_PRODUCTS_DIR; };
		CA702011282864B000F6BBF2 /* MayDay_Assessment_UIKitTests.swift */ = {isa = PBXFileReference; lastKnownFileType = sourcecode.swift; path = MayDay_Assessment_UIKitTests.swift; sourceTree = "<group>"; };
		CA702017282864B000F6BBF2 /* MayDay-Assessment-UIKitUITests.xctest */ = {isa = PBXFileReference; explicitFileType = wrapper.cfbundle; includeInIndex = 0; path = "MayDay-Assessment-UIKitUITests.xctest"; sourceTree = BUILT_PRODUCTS_DIR; };
		CA70201B282864B000F6BBF2 /* MayDay_Assessment_UIKitUITests.swift */ = {isa = PBXFileReference; lastKnownFileType = sourcecode.swift; path = MayDay_Assessment_UIKitUITests.swift; sourceTree = "<group>"; };
		CA70201D282864B000F6BBF2 /* MayDay_Assessment_UIKitUITestsLaunchTests.swift */ = {isa = PBXFileReference; lastKnownFileType = sourcecode.swift; path = MayDay_Assessment_UIKitUITestsLaunchTests.swift; sourceTree = "<group>"; };
		CA70202D282864E500F6BBF2 /* UsersViewModel.swift */ = {isa = PBXFileReference; fileEncoding = 4; lastKnownFileType = sourcecode.swift; path = UsersViewModel.swift; sourceTree = "<group>"; };
		CA70202F282864E500F6BBF2 /* UsersViewController.swift */ = {isa = PBXFileReference; fileEncoding = 4; lastKnownFileType = sourcecode.swift; path = UsersViewController.swift; sourceTree = "<group>"; };
		CA702031282864E500F6BBF2 /* UserTableViewCell.swift */ = {isa = PBXFileReference; fileEncoding = 4; lastKnownFileType = sourcecode.swift; path = UserTableViewCell.swift; sourceTree = "<group>"; };
		CA702036282864F300F6BBF2 /* UITableViewCell+Identifier.swift */ = {isa = PBXFileReference; fileEncoding = 4; lastKnownFileType = sourcecode.swift; path = "UITableViewCell+Identifier.swift"; sourceTree = "<group>"; };
		CA702037282864F300F6BBF2 /* UIViewController+UIAlertController.swift */ = {isa = PBXFileReference; fileEncoding = 4; lastKnownFileType = sourcecode.swift; path = "UIViewController+UIAlertController.swift"; sourceTree = "<group>"; };
		CA702038282864F300F6BBF2 /* Data+JSONDecoder.swift */ = {isa = PBXFileReference; fileEncoding = 4; lastKnownFileType = sourcecode.swift; path = "Data+JSONDecoder.swift"; sourceTree = "<group>"; };
		CA702039282864F300F6BBF2 /* Styles+Font.swift */ = {isa = PBXFileReference; fileEncoding = 4; lastKnownFileType = sourcecode.swift; path = "Styles+Font.swift"; sourceTree = "<group>"; };
		CA702040282864F900F6BBF2 /* NetworkService.swift */ = {isa = PBXFileReference; fileEncoding = 4; lastKnownFileType = sourcecode.swift; path = NetworkService.swift; sourceTree = "<group>"; };
		CA702041282864F900F6BBF2 /* APIEnviroment.swift */ = {isa = PBXFileReference; fileEncoding = 4; lastKnownFileType = sourcecode.swift; path = APIEnviroment.swift; sourceTree = "<group>"; };
		CA702042282864F900F6BBF2 /* DataRequest.swift */ = {isa = PBXFileReference; fileEncoding = 4; lastKnownFileType = sourcecode.swift; path = DataRequest.swift; sourceTree = "<group>"; };
		CA702044282864F900F6BBF2 /* UserAPIs.swift */ = {isa = PBXFileReference; fileEncoding = 4; lastKnownFileType = sourcecode.swift; path = UserAPIs.swift; sourceTree = "<group>"; };
		CA702045282864F900F6BBF2 /* UserService.swift */ = {isa = PBXFileReference; fileEncoding = 4; lastKnownFileType = sourcecode.swift; path = UserService.swift; sourceTree = "<group>"; };
		CA7020592828651000F6BBF2 /* Result.swift */ = {isa = PBXFileReference; fileEncoding = 4; lastKnownFileType = sourcecode.swift; path = Result.swift; sourceTree = "<group>"; };
		CA70205B2828651000F6BBF2 /* Picture.swift */ = {isa = PBXFileReference; fileEncoding = 4; lastKnownFileType = sourcecode.swift; path = Picture.swift; sourceTree = "<group>"; };
		CA70205C2828651000F6BBF2 /* User.swift */ = {isa = PBXFileReference; fileEncoding = 4; lastKnownFileType = sourcecode.swift; path = User.swift; sourceTree = "<group>"; };
		CA70205D2828651000F6BBF2 /* Name.swift */ = {isa = PBXFileReference; fileEncoding = 4; lastKnownFileType = sourcecode.swift; path = Name.swift; sourceTree = "<group>"; };
		CA7020642828652A00F6BBF2 /* Montserrat-LightItalic.ttf */ = {isa = PBXFileReference; lastKnownFileType = file; path = "Montserrat-LightItalic.ttf"; sourceTree = "<group>"; };
		CA7020652828652A00F6BBF2 /* Montserrat-Medium.ttf */ = {isa = PBXFileReference; lastKnownFileType = file; path = "Montserrat-Medium.ttf"; sourceTree = "<group>"; };
		CA7020662828652A00F6BBF2 /* Montserrat-BoldItalic.ttf */ = {isa = PBXFileReference; lastKnownFileType = file; path = "Montserrat-BoldItalic.ttf"; sourceTree = "<group>"; };
		CA7020672828652A00F6BBF2 /* Montserrat-Light.ttf */ = {isa = PBXFileReference; lastKnownFileType = file; path = "Montserrat-Light.ttf"; sourceTree = "<group>"; };
		CA7020682828652A00F6BBF2 /* Montserrat-ThinItalic.ttf */ = {isa = PBXFileReference; lastKnownFileType = file; path = "Montserrat-ThinItalic.ttf"; sourceTree = "<group>"; };
		CA7020692828652A00F6BBF2 /* Montserrat-ExtraLight.ttf */ = {isa = PBXFileReference; lastKnownFileType = file; path = "Montserrat-ExtraLight.ttf"; sourceTree = "<group>"; };
		CA70206A2828652A00F6BBF2 /* Montserrat-Thin.ttf */ = {isa = PBXFileReference; lastKnownFileType = file; path = "Montserrat-Thin.ttf"; sourceTree = "<group>"; };
		CA70206B2828652A00F6BBF2 /* Montserrat-Bold.ttf */ = {isa = PBXFileReference; lastKnownFileType = file; path = "Montserrat-Bold.ttf"; sourceTree = "<group>"; };
		CA70206C2828652A00F6BBF2 /* Montserrat-MediumItalic.ttf */ = {isa = PBXFileReference; lastKnownFileType = file; path = "Montserrat-MediumItalic.ttf"; sourceTree = "<group>"; };
		CA70206D2828652A00F6BBF2 /* Montserrat-BlackItalic.ttf */ = {isa = PBXFileReference; lastKnownFileType = file; path = "Montserrat-BlackItalic.ttf"; sourceTree = "<group>"; };
		CA70206E2828652A00F6BBF2 /* Montserrat-SemiBold.ttf */ = {isa = PBXFileReference; lastKnownFileType = file; path = "Montserrat-SemiBold.ttf"; sourceTree = "<group>"; };
		CA70206F2828652A00F6BBF2 /* Montserrat-ExtraLightItalic.ttf */ = {isa = PBXFileReference; lastKnownFileType = file; path = "Montserrat-ExtraLightItalic.ttf"; sourceTree = "<group>"; };
		CA7020702828652A00F6BBF2 /* Montserrat-ExtraBold.ttf */ = {isa = PBXFileReference; lastKnownFileType = file; path = "Montserrat-ExtraBold.ttf"; sourceTree = "<group>"; };
		CA7020712828652A00F6BBF2 /* Montserrat-Black.ttf */ = {isa = PBXFileReference; lastKnownFileType = file; path = "Montserrat-Black.ttf"; sourceTree = "<group>"; };
		CA7020722828652A00F6BBF2 /* Montserrat-Regular.ttf */ = {isa = PBXFileReference; lastKnownFileType = file; path = "Montserrat-Regular.ttf"; sourceTree = "<group>"; };
		CA7020732828652A00F6BBF2 /* Montserrat-Italic.ttf */ = {isa = PBXFileReference; lastKnownFileType = file; path = "Montserrat-Italic.ttf"; sourceTree = "<group>"; };
		CA7020742828652A00F6BBF2 /* Montserrat-SemiBoldItalic.ttf */ = {isa = PBXFileReference; lastKnownFileType = file; path = "Montserrat-SemiBoldItalic.ttf"; sourceTree = "<group>"; };
		CA7020752828652A00F6BBF2 /* Montserrat-ExtraBoldItalic.ttf */ = {isa = PBXFileReference; lastKnownFileType = file; path = "Montserrat-ExtraBoldItalic.ttf"; sourceTree = "<group>"; };
		CA7020892828653600F6BBF2 /* UserTests.swift */ = {isa = PBXFileReference; fileEncoding = 4; lastKnownFileType = sourcecode.swift; path = UserTests.swift; sourceTree = "<group>"; };
		CA70208A2828653600F6BBF2 /* UsersJSONTest.json */ = {isa = PBXFileReference; fileEncoding = 4; lastKnownFileType = text.json; path = UsersJSONTest.json; sourceTree = "<group>"; };
		CA70208E2828653C00F6BBF2 /* NetworkLayer_Tests.swift */ = {isa = PBXFileReference; fileEncoding = 4; lastKnownFileType = sourcecode.swift; path = NetworkLayer_Tests.swift; sourceTree = "<group>"; };
/* End PBXFileReference section */

/* Begin PBXFrameworksBuildPhase section */
		CA701FF4282864AF00F6BBF2 /* Frameworks */ = {
			isa = PBXFrameworksBuildPhase;
			buildActionMask = 2147483647;
			files = (
			);
			runOnlyForDeploymentPostprocessing = 0;
		};
		CA70200A282864B000F6BBF2 /* Frameworks */ = {
			isa = PBXFrameworksBuildPhase;
			buildActionMask = 2147483647;
			files = (
			);
			runOnlyForDeploymentPostprocessing = 0;
		};
		CA702014282864B000F6BBF2 /* Frameworks */ = {
			isa = PBXFrameworksBuildPhase;
			buildActionMask = 2147483647;
			files = (
			);
			runOnlyForDeploymentPostprocessing = 0;
		};
/* End PBXFrameworksBuildPhase section */

/* Begin PBXGroup section */
		CA701FEE282864AF00F6BBF2 = {
			isa = PBXGroup;
			children = (
				CA701FF9282864AF00F6BBF2 /* MayDay-Assessment-UIKit */,
				CA702010282864B000F6BBF2 /* MayDay-Assessment-UIKitTests */,
				CA70201A282864B000F6BBF2 /* MayDay-Assessment-UIKitUITests */,
				CA701FF8282864AF00F6BBF2 /* Products */,
			);
			sourceTree = "<group>";
		};
		CA701FF8282864AF00F6BBF2 /* Products */ = {
			isa = PBXGroup;
			children = (
				CA701FF7282864AF00F6BBF2 /* MayDay-Assessment-UIKit.app */,
				CA70200D282864B000F6BBF2 /* MayDay-Assessment-UIKitTests.xctest */,
				CA702017282864B000F6BBF2 /* MayDay-Assessment-UIKitUITests.xctest */,
			);
			name = Products;
			sourceTree = "<group>";
		};
		CA701FF9282864AF00F6BBF2 /* MayDay-Assessment-UIKit */ = {
			isa = PBXGroup;
			children = (
				CA70202A282864E500F6BBF2 /* Modules */,
				CA702035282864F300F6BBF2 /* Helpers */,
				CA70203E282864F900F6BBF2 /* Networking */,
				CA7020582828651000F6BBF2 /* Models */,
				CA701FFA282864AF00F6BBF2 /* AppDelegate.swift */,
				CA701FFC282864AF00F6BBF2 /* SceneDelegate.swift */,
				CA7020622828651F00F6BBF2 /* Resources */,
				CA702008282864B000F6BBF2 /* Info.plist */,
			);
			path = "MayDay-Assessment-UIKit";
			sourceTree = "<group>";
		};
		CA702010282864B000F6BBF2 /* MayDay-Assessment-UIKitTests */ = {
			isa = PBXGroup;
			children = (
				CA70208D2828653C00F6BBF2 /* NetworkLayer */,
				CA7020882828653600F6BBF2 /* Users */,
				CA702011282864B000F6BBF2 /* MayDay_Assessment_UIKitTests.swift */,
			);
			path = "MayDay-Assessment-UIKitTests";
			sourceTree = "<group>";
		};
		CA70201A282864B000F6BBF2 /* MayDay-Assessment-UIKitUITests */ = {
			isa = PBXGroup;
			children = (
				CA70201B282864B000F6BBF2 /* MayDay_Assessment_UIKitUITests.swift */,
				CA70201D282864B000F6BBF2 /* MayDay_Assessment_UIKitUITestsLaunchTests.swift */,
			);
			path = "MayDay-Assessment-UIKitUITests";
			sourceTree = "<group>";
		};
		CA70202A282864E500F6BBF2 /* Modules */ = {
			isa = PBXGroup;
			children = (
				CA70202B282864E500F6BBF2 /* MainViewController */,
			);
			path = Modules;
			sourceTree = "<group>";
		};
		CA70202B282864E500F6BBF2 /* MainViewController */ = {
			isa = PBXGroup;
			children = (
				CA70202C282864E500F6BBF2 /* ViewModel */,
				CA70202E282864E500F6BBF2 /* Controllers */,
				CA702030282864E500F6BBF2 /* Views */,
			);
			path = MainViewController;
			sourceTree = "<group>";
		};
		CA70202C282864E500F6BBF2 /* ViewModel */ = {
			isa = PBXGroup;
			children = (
				CA70202D282864E500F6BBF2 /* UsersViewModel.swift */,
			);
			path = ViewModel;
			sourceTree = "<group>";
		};
		CA70202E282864E500F6BBF2 /* Controllers */ = {
			isa = PBXGroup;
			children = (
				CA70202F282864E500F6BBF2 /* UsersViewController.swift */,
			);
			path = Controllers;
			sourceTree = "<group>";
		};
		CA702030282864E500F6BBF2 /* Views */ = {
			isa = PBXGroup;
			children = (
				CA702031282864E500F6BBF2 /* UserTableViewCell.swift */,
			);
			path = Views;
			sourceTree = "<group>";
		};
		CA702035282864F300F6BBF2 /* Helpers */ = {
			isa = PBXGroup;
			children = (
				CA702036282864F300F6BBF2 /* UITableViewCell+Identifier.swift */,
				CA702037282864F300F6BBF2 /* UIViewController+UIAlertController.swift */,
				CA702038282864F300F6BBF2 /* Data+JSONDecoder.swift */,
				CA702039282864F300F6BBF2 /* Styles+Font.swift */,
			);
			path = Helpers;
			sourceTree = "<group>";
		};
		CA70203E282864F900F6BBF2 /* Networking */ = {
			isa = PBXGroup;
			children = (
				CA70203F282864F900F6BBF2 /* NetworkRequest */,
				CA702043282864F900F6BBF2 /* Services */,
			);
			path = Networking;
			sourceTree = "<group>";
		};
		CA70203F282864F900F6BBF2 /* NetworkRequest */ = {
			isa = PBXGroup;
			children = (
				CA702040282864F900F6BBF2 /* NetworkService.swift */,
				CA702041282864F900F6BBF2 /* APIEnviroment.swift */,
				CA702042282864F900F6BBF2 /* DataRequest.swift */,
			);
			path = NetworkRequest;
			sourceTree = "<group>";
		};
		CA702043282864F900F6BBF2 /* Services */ = {
			isa = PBXGroup;
			children = (
				CA702044282864F900F6BBF2 /* UserAPIs.swift */,
				CA702045282864F900F6BBF2 /* UserService.swift */,
			);
			path = Services;
			sourceTree = "<group>";
		};
		CA7020582828651000F6BBF2 /* Models */ = {
			isa = PBXGroup;
			children = (
				CA7020592828651000F6BBF2 /* Result.swift */,
				CA70205A2828651000F6BBF2 /* User */,
			);
			path = Models;
			sourceTree = "<group>";
		};
		CA70205A2828651000F6BBF2 /* User */ = {
			isa = PBXGroup;
			children = (
				CA70205B2828651000F6BBF2 /* Picture.swift */,
				CA70205C2828651000F6BBF2 /* User.swift */,
				CA70205D2828651000F6BBF2 /* Name.swift */,
			);
			path = User;
			sourceTree = "<group>";
		};
		CA7020622828651F00F6BBF2 /* Resources */ = {
			isa = PBXGroup;
			children = (
				CA7020632828652A00F6BBF2 /* Fonts */,
				CA702003282864B000F6BBF2 /* Assets.xcassets */,
				CA702005282864B000F6BBF2 /* LaunchScreen.storyboard */,
			);
			path = Resources;
			sourceTree = "<group>";
		};
		CA7020632828652A00F6BBF2 /* Fonts */ = {
			isa = PBXGroup;
			children = (
				CA7020642828652A00F6BBF2 /* Montserrat-LightItalic.ttf */,
				CA7020652828652A00F6BBF2 /* Montserrat-Medium.ttf */,
				CA7020662828652A00F6BBF2 /* Montserrat-BoldItalic.ttf */,
				CA7020672828652A00F6BBF2 /* Montserrat-Light.ttf */,
				CA7020682828652A00F6BBF2 /* Montserrat-ThinItalic.ttf */,
				CA7020692828652A00F6BBF2 /* Montserrat-ExtraLight.ttf */,
				CA70206A2828652A00F6BBF2 /* Montserrat-Thin.ttf */,
				CA70206B2828652A00F6BBF2 /* Montserrat-Bold.ttf */,
				CA70206C2828652A00F6BBF2 /* Montserrat-MediumItalic.ttf */,
				CA70206D2828652A00F6BBF2 /* Montserrat-BlackItalic.ttf */,
				CA70206E2828652A00F6BBF2 /* Montserrat-SemiBold.ttf */,
				CA70206F2828652A00F6BBF2 /* Montserrat-ExtraLightItalic.ttf */,
				CA7020702828652A00F6BBF2 /* Montserrat-ExtraBold.ttf */,
				CA7020712828652A00F6BBF2 /* Montserrat-Black.ttf */,
				CA7020722828652A00F6BBF2 /* Montserrat-Regular.ttf */,
				CA7020732828652A00F6BBF2 /* Montserrat-Italic.ttf */,
				CA7020742828652A00F6BBF2 /* Montserrat-SemiBoldItalic.ttf */,
				CA7020752828652A00F6BBF2 /* Montserrat-ExtraBoldItalic.ttf */,
			);
			path = Fonts;
			sourceTree = "<group>";
		};
		CA7020882828653600F6BBF2 /* Users */ = {
			isa = PBXGroup;
			children = (
				CA7020892828653600F6BBF2 /* UserTests.swift */,
				CA70208A2828653600F6BBF2 /* UsersJSONTest.json */,
			);
			path = Users;
			sourceTree = "<group>";
		};
		CA70208D2828653C00F6BBF2 /* NetworkLayer */ = {
			isa = PBXGroup;
			children = (
				CA70208E2828653C00F6BBF2 /* NetworkLayer_Tests.swift */,
			);
			path = NetworkLayer;
			sourceTree = "<group>";
		};
/* End PBXGroup section */

/* Begin PBXNativeTarget section */
		CA701FF6282864AF00F6BBF2 /* MayDay-Assessment-UIKit */ = {
			isa = PBXNativeTarget;
			buildConfigurationList = CA702021282864B000F6BBF2 /* Build configuration list for PBXNativeTarget "MayDay-Assessment-UIKit" */;
			buildPhases = (
				CA701FF3282864AF00F6BBF2 /* Sources */,
				CA701FF4282864AF00F6BBF2 /* Frameworks */,
				CA701FF5282864AF00F6BBF2 /* Resources */,
			);
			buildRules = (
			);
			dependencies = (
			);
			name = "MayDay-Assessment-UIKit";
			productName = "MayDay-Assessment-UIKit";
			productReference = CA701FF7282864AF00F6BBF2 /* MayDay-Assessment-UIKit.app */;
			productType = "com.apple.product-type.application";
		};
		CA70200C282864B000F6BBF2 /* MayDay-Assessment-UIKitTests */ = {
			isa = PBXNativeTarget;
			buildConfigurationList = CA702024282864B000F6BBF2 /* Build configuration list for PBXNativeTarget "MayDay-Assessment-UIKitTests" */;
			buildPhases = (
				CA702009282864B000F6BBF2 /* Sources */,
				CA70200A282864B000F6BBF2 /* Frameworks */,
				CA70200B282864B000F6BBF2 /* Resources */,
			);
			buildRules = (
			);
			dependencies = (
				CA70200F282864B000F6BBF2 /* PBXTargetDependency */,
			);
			name = "MayDay-Assessment-UIKitTests";
			productName = "MayDay-Assessment-UIKitTests";
			productReference = CA70200D282864B000F6BBF2 /* MayDay-Assessment-UIKitTests.xctest */;
			productType = "com.apple.product-type.bundle.unit-test";
		};
		CA702016282864B000F6BBF2 /* MayDay-Assessment-UIKitUITests */ = {
			isa = PBXNativeTarget;
			buildConfigurationList = CA702027282864B000F6BBF2 /* Build configuration list for PBXNativeTarget "MayDay-Assessment-UIKitUITests" */;
			buildPhases = (
				CA702013282864B000F6BBF2 /* Sources */,
				CA702014282864B000F6BBF2 /* Frameworks */,
				CA702015282864B000F6BBF2 /* Resources */,
			);
			buildRules = (
			);
			dependencies = (
				CA702019282864B000F6BBF2 /* PBXTargetDependency */,
			);
			name = "MayDay-Assessment-UIKitUITests";
			productName = "MayDay-Assessment-UIKitUITests";
			productReference = CA702017282864B000F6BBF2 /* MayDay-Assessment-UIKitUITests.xctest */;
			productType = "com.apple.product-type.bundle.ui-testing";
		};
/* End PBXNativeTarget section */

/* Begin PBXProject section */
		CA701FEF282864AF00F6BBF2 /* Project object */ = {
			isa = PBXProject;
			attributes = {
				BuildIndependentTargetsInParallel = 1;
				LastSwiftUpdateCheck = 1320;
				LastUpgradeCheck = 1320;
				TargetAttributes = {
					CA701FF6282864AF00F6BBF2 = {
						CreatedOnToolsVersion = 13.2.1;
					};
					CA70200C282864B000F6BBF2 = {
						CreatedOnToolsVersion = 13.2.1;
						TestTargetID = CA701FF6282864AF00F6BBF2;
					};
					CA702016282864B000F6BBF2 = {
						CreatedOnToolsVersion = 13.2.1;
						TestTargetID = CA701FF6282864AF00F6BBF2;
					};
				};
			};
			buildConfigurationList = CA701FF2282864AF00F6BBF2 /* Build configuration list for PBXProject "MayDay-Assessment-UIKit" */;
			compatibilityVersion = "Xcode 13.0";
			developmentRegion = en;
			hasScannedForEncodings = 0;
			knownRegions = (
				en,
				Base,
			);
			mainGroup = CA701FEE282864AF00F6BBF2;
			productRefGroup = CA701FF8282864AF00F6BBF2 /* Products */;
			projectDirPath = "";
			projectRoot = "";
			targets = (
				CA701FF6282864AF00F6BBF2 /* MayDay-Assessment-UIKit */,
				CA70200C282864B000F6BBF2 /* MayDay-Assessment-UIKitTests */,
				CA702016282864B000F6BBF2 /* MayDay-Assessment-UIKitUITests */,
			);
		};
/* End PBXProject section */

/* Begin PBXResourcesBuildPhase section */
		CA701FF5282864AF00F6BBF2 /* Resources */ = {
			isa = PBXResourcesBuildPhase;
			buildActionMask = 2147483647;
			files = (
				CA7020862828652A00F6BBF2 /* Montserrat-SemiBoldItalic.ttf in Resources */,
				CA70207E2828652A00F6BBF2 /* Montserrat-MediumItalic.ttf in Resources */,
				CA70207D2828652A00F6BBF2 /* Montserrat-Bold.ttf in Resources */,
				CA7020842828652A00F6BBF2 /* Montserrat-Regular.ttf in Resources */,
				CA7020802828652A00F6BBF2 /* Montserrat-SemiBold.ttf in Resources */,
				CA7020902828658E00F6BBF2 /* UsersJSONTest.json in Resources */,
				CA7020792828652A00F6BBF2 /* Montserrat-Light.ttf in Resources */,
				CA70207C2828652A00F6BBF2 /* Montserrat-Thin.ttf in Resources */,
				CA70207A2828652A00F6BBF2 /* Montserrat-ThinItalic.ttf in Resources */,
				CA702007282864B000F6BBF2 /* LaunchScreen.storyboard in Resources */,
				CA702004282864B000F6BBF2 /* Assets.xcassets in Resources */,
				CA7020772828652A00F6BBF2 /* Montserrat-Medium.ttf in Resources */,
				CA7020832828652A00F6BBF2 /* Montserrat-Black.ttf in Resources */,
				CA70207B2828652A00F6BBF2 /* Montserrat-ExtraLight.ttf in Resources */,
				CA7020822828652A00F6BBF2 /* Montserrat-ExtraBold.ttf in Resources */,
				CA70207F2828652A00F6BBF2 /* Montserrat-BlackItalic.ttf in Resources */,
				CA7020782828652A00F6BBF2 /* Montserrat-BoldItalic.ttf in Resources */,
				CA7020852828652A00F6BBF2 /* Montserrat-Italic.ttf in Resources */,
				CA7020872828652A00F6BBF2 /* Montserrat-ExtraBoldItalic.ttf in Resources */,
				CA7020762828652A00F6BBF2 /* Montserrat-LightItalic.ttf in Resources */,
				CA7020812828652A00F6BBF2 /* Montserrat-ExtraLightItalic.ttf in Resources */,
			);
			runOnlyForDeploymentPostprocessing = 0;
		};
		CA70200B282864B000F6BBF2 /* Resources */ = {
			isa = PBXResourcesBuildPhase;
			buildActionMask = 2147483647;
			files = (
				CA70208C2828653600F6BBF2 /* UsersJSONTest.json in Resources */,
			);
			runOnlyForDeploymentPostprocessing = 0;
		};
		CA702015282864B000F6BBF2 /* Resources */ = {
			isa = PBXResourcesBuildPhase;
			buildActionMask = 2147483647;
			files = (
			);
			runOnlyForDeploymentPostprocessing = 0;
		};
/* End PBXResourcesBuildPhase section */

/* Begin PBXSourcesBuildPhase section */
		CA701FF3282864AF00F6BBF2 /* Sources */ = {
			isa = PBXSourcesBuildPhase;
			buildActionMask = 2147483647;
			files = (
				CA702046282864F900F6BBF2 /* NetworkService.swift in Sources */,
				CA702032282864E500F6BBF2 /* UsersViewModel.swift in Sources */,
				CA702033282864E500F6BBF2 /* UsersViewController.swift in Sources */,
				CA701FFB282864AF00F6BBF2 /* AppDelegate.swift in Sources */,
				CA702049282864F900F6BBF2 /* UserAPIs.swift in Sources */,
				CA70205E2828651000F6BBF2 /* Result.swift in Sources */,
				CA7020612828651000F6BBF2 /* Name.swift in Sources */,
				CA702048282864F900F6BBF2 /* DataRequest.swift in Sources */,
				CA70203D282864F300F6BBF2 /* Styles+Font.swift in Sources */,
				CA702034282864E500F6BBF2 /* UserTableViewCell.swift in Sources */,
				CA702047282864F900F6BBF2 /* APIEnviroment.swift in Sources */,
				CA70203B282864F300F6BBF2 /* UIViewController+UIAlertController.swift in Sources */,
				CA70204A282864F900F6BBF2 /* UserService.swift in Sources */,
				CA70203A282864F300F6BBF2 /* UITableViewCell+Identifier.swift in Sources */,
				CA7020602828651000F6BBF2 /* User.swift in Sources */,
				CA70203C282864F300F6BBF2 /* Data+JSONDecoder.swift in Sources */,
				CA70205F2828651000F6BBF2 /* Picture.swift in Sources */,
				CA701FFD282864AF00F6BBF2 /* SceneDelegate.swift in Sources */,
			);
			runOnlyForDeploymentPostprocessing = 0;
		};
		CA702009282864B000F6BBF2 /* Sources */ = {
			isa = PBXSourcesBuildPhase;
			buildActionMask = 2147483647;
			files = (
				CA70208F2828653C00F6BBF2 /* NetworkLayer_Tests.swift in Sources */,
				CA70208B2828653600F6BBF2 /* UserTests.swift in Sources */,
				CA702012282864B000F6BBF2 /* MayDay_Assessment_UIKitTests.swift in Sources */,
			);
			runOnlyForDeploymentPostprocessing = 0;
		};
		CA702013282864B000F6BBF2 /* Sources */ = {
			isa = PBXSourcesBuildPhase;
			buildActionMask = 2147483647;
			files = (
				CA70201E282864B000F6BBF2 /* MayDay_Assessment_UIKitUITestsLaunchTests.swift in Sources */,
				CA70201C282864B000F6BBF2 /* MayDay_Assessment_UIKitUITests.swift in Sources */,
			);
			runOnlyForDeploymentPostprocessing = 0;
		};
/* End PBXSourcesBuildPhase section */

/* Begin PBXTargetDependency section */
		CA70200F282864B000F6BBF2 /* PBXTargetDependency */ = {
			isa = PBXTargetDependency;
			target = CA701FF6282864AF00F6BBF2 /* MayDay-Assessment-UIKit */;
			targetProxy = CA70200E282864B000F6BBF2 /* PBXContainerItemProxy */;
		};
		CA702019282864B000F6BBF2 /* PBXTargetDependency */ = {
			isa = PBXTargetDependency;
			target = CA701FF6282864AF00F6BBF2 /* MayDay-Assessment-UIKit */;
			targetProxy = CA702018282864B000F6BBF2 /* PBXContainerItemProxy */;
		};
/* End PBXTargetDependency section */

/* Begin PBXVariantGroup section */
		CA702005282864B000F6BBF2 /* LaunchScreen.storyboard */ = {
			isa = PBXVariantGroup;
			children = (
				CA702006282864B000F6BBF2 /* Base */,
			);
			name = LaunchScreen.storyboard;
			sourceTree = "<group>";
		};
/* End PBXVariantGroup section */

/* Begin XCBuildConfiguration section */
		CA70201F282864B000F6BBF2 /* Debug */ = {
			isa = XCBuildConfiguration;
			buildSettings = {
				ALWAYS_SEARCH_USER_PATHS = NO;
				CLANG_ANALYZER_NONNULL = YES;
				CLANG_ANALYZER_NUMBER_OBJECT_CONVERSION = YES_AGGRESSIVE;
				CLANG_CXX_LANGUAGE_STANDARD = "gnu++17";
				CLANG_CXX_LIBRARY = "libc++";
				CLANG_ENABLE_MODULES = YES;
				CLANG_ENABLE_OBJC_ARC = YES;
				CLANG_ENABLE_OBJC_WEAK = YES;
				CLANG_WARN_BLOCK_CAPTURE_AUTORELEASING = YES;
				CLANG_WARN_BOOL_CONVERSION = YES;
				CLANG_WARN_COMMA = YES;
				CLANG_WARN_CONSTANT_CONVERSION = YES;
				CLANG_WARN_DEPRECATED_OBJC_IMPLEMENTATIONS = YES;
				CLANG_WARN_DIRECT_OBJC_ISA_USAGE = YES_ERROR;
				CLANG_WARN_DOCUMENTATION_COMMENTS = YES;
				CLANG_WARN_EMPTY_BODY = YES;
				CLANG_WARN_ENUM_CONVERSION = YES;
				CLANG_WARN_INFINITE_RECURSION = YES;
				CLANG_WARN_INT_CONVERSION = YES;
				CLANG_WARN_NON_LITERAL_NULL_CONVERSION = YES;
				CLANG_WARN_OBJC_IMPLICIT_RETAIN_SELF = YES;
				CLANG_WARN_OBJC_LITERAL_CONVERSION = YES;
				CLANG_WARN_OBJC_ROOT_CLASS = YES_ERROR;
				CLANG_WARN_QUOTED_INCLUDE_IN_FRAMEWORK_HEADER = YES;
				CLANG_WARN_RANGE_LOOP_ANALYSIS = YES;
				CLANG_WARN_STRICT_PROTOTYPES = YES;
				CLANG_WARN_SUSPICIOUS_MOVE = YES;
				CLANG_WARN_UNGUARDED_AVAILABILITY = YES_AGGRESSIVE;
				CLANG_WARN_UNREACHABLE_CODE = YES;
				CLANG_WARN__DUPLICATE_METHOD_MATCH = YES;
				COPY_PHASE_STRIP = NO;
				DEBUG_INFORMATION_FORMAT = dwarf;
				ENABLE_STRICT_OBJC_MSGSEND = YES;
				ENABLE_TESTABILITY = YES;
				GCC_C_LANGUAGE_STANDARD = gnu11;
				GCC_DYNAMIC_NO_PIC = NO;
				GCC_NO_COMMON_BLOCKS = YES;
				GCC_OPTIMIZATION_LEVEL = 0;
				GCC_PREPROCESSOR_DEFINITIONS = (
					"DEBUG=1",
					"$(inherited)",
				);
				GCC_WARN_64_TO_32_BIT_CONVERSION = YES;
				GCC_WARN_ABOUT_RETURN_TYPE = YES_ERROR;
				GCC_WARN_UNDECLARED_SELECTOR = YES;
				GCC_WARN_UNINITIALIZED_AUTOS = YES_AGGRESSIVE;
				GCC_WARN_UNUSED_FUNCTION = YES;
				GCC_WARN_UNUSED_VARIABLE = YES;
				IPHONEOS_DEPLOYMENT_TARGET = 15.2;
				MTL_ENABLE_DEBUG_INFO = INCLUDE_SOURCE;
				MTL_FAST_MATH = YES;
				ONLY_ACTIVE_ARCH = YES;
				SDKROOT = iphoneos;
				SWIFT_ACTIVE_COMPILATION_CONDITIONS = DEBUG;
				SWIFT_OPTIMIZATION_LEVEL = "-Onone";
			};
			name = Debug;
		};
		CA702020282864B000F6BBF2 /* Release */ = {
			isa = XCBuildConfiguration;
			buildSettings = {
				ALWAYS_SEARCH_USER_PATHS = NO;
				CLANG_ANALYZER_NONNULL = YES;
				CLANG_ANALYZER_NUMBER_OBJECT_CONVERSION = YES_AGGRESSIVE;
				CLANG_CXX_LANGUAGE_STANDARD = "gnu++17";
				CLANG_CXX_LIBRARY = "libc++";
				CLANG_ENABLE_MODULES = YES;
				CLANG_ENABLE_OBJC_ARC = YES;
				CLANG_ENABLE_OBJC_WEAK = YES;
				CLANG_WARN_BLOCK_CAPTURE_AUTORELEASING = YES;
				CLANG_WARN_BOOL_CONVERSION = YES;
				CLANG_WARN_COMMA = YES;
				CLANG_WARN_CONSTANT_CONVERSION = YES;
				CLANG_WARN_DEPRECATED_OBJC_IMPLEMENTATIONS = YES;
				CLANG_WARN_DIRECT_OBJC_ISA_USAGE = YES_ERROR;
				CLANG_WARN_DOCUMENTATION_COMMENTS = YES;
				CLANG_WARN_EMPTY_BODY = YES;
				CLANG_WARN_ENUM_CONVERSION = YES;
				CLANG_WARN_INFINITE_RECURSION = YES;
				CLANG_WARN_INT_CONVERSION = YES;
				CLANG_WARN_NON_LITERAL_NULL_CONVERSION = YES;
				CLANG_WARN_OBJC_IMPLICIT_RETAIN_SELF = YES;
				CLANG_WARN_OBJC_LITERAL_CONVERSION = YES;
				CLANG_WARN_OBJC_ROOT_CLASS = YES_ERROR;
				CLANG_WARN_QUOTED_INCLUDE_IN_FRAMEWORK_HEADER = YES;
				CLANG_WARN_RANGE_LOOP_ANALYSIS = YES;
				CLANG_WARN_STRICT_PROTOTYPES = YES;
				CLANG_WARN_SUSPICIOUS_MOVE = YES;
				CLANG_WARN_UNGUARDED_AVAILABILITY = YES_AGGRESSIVE;
				CLANG_WARN_UNREACHABLE_CODE = YES;
				CLANG_WARN__DUPLICATE_METHOD_MATCH = YES;
				COPY_PHASE_STRIP = NO;
				DEBUG_INFORMATION_FORMAT = "dwarf-with-dsym";
				ENABLE_NS_ASSERTIONS = NO;
				ENABLE_STRICT_OBJC_MSGSEND = YES;
				GCC_C_LANGUAGE_STANDARD = gnu11;
				GCC_NO_COMMON_BLOCKS = YES;
				GCC_WARN_64_TO_32_BIT_CONVERSION = YES;
				GCC_WARN_ABOUT_RETURN_TYPE = YES_ERROR;
				GCC_WARN_UNDECLARED_SELECTOR = YES;
				GCC_WARN_UNINITIALIZED_AUTOS = YES_AGGRESSIVE;
				GCC_WARN_UNUSED_FUNCTION = YES;
				GCC_WARN_UNUSED_VARIABLE = YES;
				IPHONEOS_DEPLOYMENT_TARGET = 15.2;
				MTL_ENABLE_DEBUG_INFO = NO;
				MTL_FAST_MATH = YES;
				SDKROOT = iphoneos;
				SWIFT_COMPILATION_MODE = wholemodule;
				SWIFT_OPTIMIZATION_LEVEL = "-O";
				VALIDATE_PRODUCT = YES;
			};
			name = Release;
		};
		CA702022282864B000F6BBF2 /* Debug */ = {
			isa = XCBuildConfiguration;
			buildSettings = {
				ASSETCATALOG_COMPILER_APPICON_NAME = AppIcon;
				ASSETCATALOG_COMPILER_GLOBAL_ACCENT_COLOR_NAME = AccentColor;
				CODE_SIGN_STYLE = Automatic;
				CURRENT_PROJECT_VERSION = 1;
				DEVELOPMENT_TEAM = TG8B23T2L3;
				GENERATE_INFOPLIST_FILE = YES;
				INFOPLIST_FILE = "MayDay-Assessment-UIKit/Info.plist";
				INFOPLIST_KEY_UIApplicationSupportsIndirectInputEvents = YES;
				INFOPLIST_KEY_UILaunchStoryboardName = LaunchScreen;
				INFOPLIST_KEY_UIMainStoryboardFile = Main;
				INFOPLIST_KEY_UISupportedInterfaceOrientations_iPad = "UIInterfaceOrientationPortrait UIInterfaceOrientationPortraitUpsideDown UIInterfaceOrientationLandscapeLeft UIInterfaceOrientationLandscapeRight";
				INFOPLIST_KEY_UISupportedInterfaceOrientations_iPhone = "UIInterfaceOrientationPortrait UIInterfaceOrientationLandscapeLeft UIInterfaceOrientationLandscapeRight";
				LD_RUNPATH_SEARCH_PATHS = (
					"$(inherited)",
					"@executable_path/Frameworks",
				);
				MARKETING_VERSION = 1.0;
				PRODUCT_BUNDLE_IDENTIFIER = "com.yousefahmed.MayDay-Assessment-UIKit";
				PRODUCT_NAME = "$(TARGET_NAME)";
				SWIFT_EMIT_LOC_STRINGS = YES;
				SWIFT_VERSION = 5.0;
				TARGETED_DEVICE_FAMILY = "1,2";
			};
			name = Debug;
		};
		CA702023282864B000F6BBF2 /* Release */ = {
			isa = XCBuildConfiguration;
			buildSettings = {
				ASSETCATALOG_COMPILER_APPICON_NAME = AppIcon;
				ASSETCATALOG_COMPILER_GLOBAL_ACCENT_COLOR_NAME = AccentColor;
				CODE_SIGN_STYLE = Automatic;
				CURRENT_PROJECT_VERSION = 1;
				DEVELOPMENT_TEAM = TG8B23T2L3;
				GENERATE_INFOPLIST_FILE = YES;
				INFOPLIST_FILE = "MayDay-Assessment-UIKit/Info.plist";
				INFOPLIST_KEY_UIApplicationSupportsIndirectInputEvents = YES;
				INFOPLIST_KEY_UILaunchStoryboardName = LaunchScreen;
				INFOPLIST_KEY_UIMainStoryboardFile = Main;
				INFOPLIST_KEY_UISupportedInterfaceOrientations_iPad = "UIInterfaceOrientationPortrait UIInterfaceOrientationPortraitUpsideDown UIInterfaceOrientationLandscapeLeft UIInterfaceOrientationLandscapeRight";
				INFOPLIST_KEY_UISupportedInterfaceOrientations_iPhone = "UIInterfaceOrientationPortrait UIInterfaceOrientationLandscapeLeft UIInterfaceOrientationLandscapeRight";
				LD_RUNPATH_SEARCH_PATHS = (
					"$(inherited)",
					"@executable_path/Frameworks",
				);
				MARKETING_VERSION = 1.0;
				PRODUCT_BUNDLE_IDENTIFIER = "com.yousefahmed.MayDay-Assessment-UIKit";
				PRODUCT_NAME = "$(TARGET_NAME)";
				SWIFT_EMIT_LOC_STRINGS = YES;
				SWIFT_VERSION = 5.0;
				TARGETED_DEVICE_FAMILY = "1,2";
			};
			name = Release;
		};
		CA702025282864B000F6BBF2 /* Debug */ = {
			isa = XCBuildConfiguration;
			buildSettings = {
				ALWAYS_EMBED_SWIFT_STANDARD_LIBRARIES = YES;
				BUNDLE_LOADER = "$(TEST_HOST)";
				CODE_SIGN_STYLE = Automatic;
				CURRENT_PROJECT_VERSION = 1;
				DEVELOPMENT_TEAM = TG8B23T2L3;
				GENERATE_INFOPLIST_FILE = YES;
				IPHONEOS_DEPLOYMENT_TARGET = 15.2;
				MARKETING_VERSION = 1.0;
				PRODUCT_BUNDLE_IDENTIFIER = "com.yousefahmed.MayDay-Assessment-UIKitTests";
				PRODUCT_NAME = "$(TARGET_NAME)";
				SWIFT_EMIT_LOC_STRINGS = NO;
				SWIFT_VERSION = 5.0;
				TARGETED_DEVICE_FAMILY = "1,2";
				TEST_HOST = "$(BUILT_PRODUCTS_DIR)/MayDay-Assessment-UIKit.app/MayDay-Assessment-UIKit";
			};
			name = Debug;
		};
		CA702026282864B000F6BBF2 /* Release */ = {
			isa = XCBuildConfiguration;
			buildSettings = {
				ALWAYS_EMBED_SWIFT_STANDARD_LIBRARIES = YES;
				BUNDLE_LOADER = "$(TEST_HOST)";
				CODE_SIGN_STYLE = Automatic;
				CURRENT_PROJECT_VERSION = 1;
				DEVELOPMENT_TEAM = TG8B23T2L3;
				GENERATE_INFOPLIST_FILE = YES;
				IPHONEOS_DEPLOYMENT_TARGET = 15.2;
				MARKETING_VERSION = 1.0;
				PRODUCT_BUNDLE_IDENTIFIER = "com.yousefahmed.MayDay-Assessment-UIKitTests";
				PRODUCT_NAME = "$(TARGET_NAME)";
				SWIFT_EMIT_LOC_STRINGS = NO;
				SWIFT_VERSION = 5.0;
				TARGETED_DEVICE_FAMILY = "1,2";
				TEST_HOST = "$(BUILT_PRODUCTS_DIR)/MayDay-Assessment-UIKit.app/MayDay-Assessment-UIKit";
			};
			name = Release;
		};
		CA702028282864B000F6BBF2 /* Debug */ = {
			isa = XCBuildConfiguration;
			buildSettings = {
				ALWAYS_EMBED_SWIFT_STANDARD_LIBRARIES = YES;
				CODE_SIGN_STYLE = Automatic;
				CURRENT_PROJECT_VERSION = 1;
				DEVELOPMENT_TEAM = TG8B23T2L3;
				GENERATE_INFOPLIST_FILE = YES;
				MARKETING_VERSION = 1.0;
				PRODUCT_BUNDLE_IDENTIFIER = "com.yousefahmed.MayDay-Assessment-UIKitUITests";
				PRODUCT_NAME = "$(TARGET_NAME)";
				SWIFT_EMIT_LOC_STRINGS = NO;
				SWIFT_VERSION = 5.0;
				TARGETED_DEVICE_FAMILY = "1,2";
				TEST_TARGET_NAME = "MayDay-Assessment-UIKit";
			};
			name = Debug;
		};
		CA702029282864B000F6BBF2 /* Release */ = {
			isa = XCBuildConfiguration;
			buildSettings = {
				ALWAYS_EMBED_SWIFT_STANDARD_LIBRARIES = YES;
				CODE_SIGN_STYLE = Automatic;
				CURRENT_PROJECT_VERSION = 1;
				DEVELOPMENT_TEAM = TG8B23T2L3;
				GENERATE_INFOPLIST_FILE = YES;
				MARKETING_VERSION = 1.0;
				PRODUCT_BUNDLE_IDENTIFIER = "com.yousefahmed.MayDay-Assessment-UIKitUITests";
				PRODUCT_NAME = "$(TARGET_NAME)";
				SWIFT_EMIT_LOC_STRINGS = NO;
				SWIFT_VERSION = 5.0;
				TARGETED_DEVICE_FAMILY = "1,2";
				TEST_TARGET_NAME = "MayDay-Assessment-UIKit";
			};
			name = Release;
		};
/* End XCBuildConfiguration section */

/* Begin XCConfigurationList section */
		CA701FF2282864AF00F6BBF2 /* Build configuration list for PBXProject "MayDay-Assessment-UIKit" */ = {
			isa = XCConfigurationList;
			buildConfigurations = (
				CA70201F282864B000F6BBF2 /* Debug */,
				CA702020282864B000F6BBF2 /* Release */,
			);
			defaultConfigurationIsVisible = 0;
			defaultConfigurationName = Release;
		};
		CA702021282864B000F6BBF2 /* Build configuration list for PBXNativeTarget "MayDay-Assessment-UIKit" */ = {
			isa = XCConfigurationList;
			buildConfigurations = (
				CA702022282864B000F6BBF2 /* Debug */,
				CA702023282864B000F6BBF2 /* Release */,
			);
			defaultConfigurationIsVisible = 0;
			defaultConfigurationName = Release;
		};
		CA702024282864B000F6BBF2 /* Build configuration list for PBXNativeTarget "MayDay-Assessment-UIKitTests" */ = {
			isa = XCConfigurationList;
			buildConfigurations = (
				CA702025282864B000F6BBF2 /* Debug */,
				CA702026282864B000F6BBF2 /* Release */,
			);
			defaultConfigurationIsVisible = 0;
			defaultConfigurationName = Release;
		};
		CA702027282864B000F6BBF2 /* Build configuration list for PBXNativeTarget "MayDay-Assessment-UIKitUITests" */ = {
			isa = XCConfigurationList;
			buildConfigurations = (
				CA702028282864B000F6BBF2 /* Debug */,
				CA702029282864B000F6BBF2 /* Release */,
			);
			defaultConfigurationIsVisible = 0;
			defaultConfigurationName = Release;
		};
/* End XCConfigurationList section */
	};
	rootObject = CA701FEF282864AF00F6BBF2 /* Project object */;
}
