// !$*UTF8*$!
{
	archiveVersion = 1;
	classes = {
	};
	objectVersion = 55;
	objects = {

/* Begin PBXBuildFile section */
		CA701FFB282864AF00F6BBF2 /* AppDelegate.swift in Sources */ = {isa = PBXBuildFile; fileRef = CA701FFA282864AF00F6BBF2 /* AppDelegate.swift */; };
		CA701FFD282864AF00F6BBF2 /* SceneDelegate.swift in Sources */ = {isa = PBXBuildFile; fileRef = CA701FFC282864AF00F6BBF2 /* SceneDelegate.swift */; };
		CA701FFF282864AF00F6BBF2 /* ViewController.swift in Sources */ = {isa = PBXBuildFile; fileRef = CA701FFE282864AF00F6BBF2 /* ViewController.swift */; };
		CA702002282864AF00F6BBF2 /* Main.storyboard in Resources */ = {isa = PBXBuildFile; fileRef = CA702000282864AF00F6BBF2 /* Main.storyboard */; };
		CA702004282864B000F6BBF2 /* Assets.xcassets in Resources */ = {isa = PBXBuildFile; fileRef = CA702003282864B000F6BBF2 /* Assets.xcassets */; };
		CA702007282864B000F6BBF2 /* LaunchScreen.storyboard in Resources */ = {isa = PBXBuildFile; fileRef = CA702005282864B000F6BBF2 /* LaunchScreen.storyboard */; };
		CA702012282864B000F6BBF2 /* MayDay_Assessment_UIKitTests.swift in Sources */ = {isa = PBXBuildFile; fileRef = CA702011282864B000F6BBF2 /* MayDay_Assessment_UIKitTests.swift */; };
		CA70201C282864B000F6BBF2 /* MayDay_Assessment_UIKitUITests.swift in Sources */ = {isa = PBXBuildFile; fileRef = CA70201B282864B000F6BBF2 /* MayDay_Assessment_UIKitUITests.swift */; };
		CA70201E282864B000F6BBF2 /* MayDay_Assessment_UIKitUITestsLaunchTests.swift in Sources */ = {isa = PBXBuildFile; fileRef = CA70201D282864B000F6BBF2 /* MayDay_Assessment_UIKitUITestsLaunchTests.swift */; };
/* End PBXBuildFile section */

/* Begin PBXContainerItemProxy section */
		CA70200E282864B000F6BBF2 /* PBXContainerItemProxy */ = {
			isa = PBXContainerItemProxy;
			containerPortal = CA701FEF282864AF00F6BBF2 /* Project object */;
			proxyType = 1;
			remoteGlobalIDString = CA701FF6282864AF00F6BBF2;
			remoteInfo = "MayDay-Assessment-UIKit";
		};
		CA702018282864B000F6BBF2 /* PBXContainerItemProxy */ = {
			isa = PBXContainerItemProxy;
			containerPortal = CA701FEF282864AF00F6BBF2 /* Project object */;
			proxyType = 1;
			remoteGlobalIDString = CA701FF6282864AF00F6BBF2;
			remoteInfo = "MayDay-Assessment-UIKit";
		};
/* End PBXContainerItemProxy section */

/* Begin PBXFileReference section */
		CA701FF7282864AF00F6BBF2 /* MayDay-Assessment-UIKit.app */ = {isa = PBXFileReference; explicitFileType = wrapper.application; includeInIndex = 0; path = "MayDay-Assessment-UIKit.app"; sourceTree = BUILT_PRODUCTS_DIR; };
		CA701FFA282864AF00F6BBF2 /* AppDelegate.swift */ = {isa = PBXFileReference; lastKnownFileType = sourcecode.swift; path = AppDelegate.swift; sourceTree = "<group>"; };
		CA701FFC282864AF00F6BBF2 /* SceneDelegate.swift */ = {isa = PBXFileReference; lastKnownFileType = sourcecode.swift; path = SceneDelegate.swift; sourceTree = "<group>"; };
		CA701FFE282864AF00F6BBF2 /* ViewController.swift */ = {isa = PBXFileReference; lastKnownFileType = sourcecode.swift; path = ViewController.swift; sourceTree = "<group>"; };
		CA702001282864AF00F6BBF2 /* Base */ = {isa = PBXFileReference; lastKnownFileType = file.storyboard; name = Base; path = Base.lproj/Main.storyboard; sourceTree = "<group>"; };
		CA702003282864B000F6BBF2 /* Assets.xcassets */ = {isa = PBXFileReference; lastKnownFileType = folder.assetcatalog; path = Assets.xcassets; sourceTree = "<group>"; };
		CA702006282864B000F6BBF2 /* Base */ = {isa = PBXFileReference; lastKnownFileType = file.storyboard; name = Base; path = Base.lproj/LaunchScreen.storyboard; sourceTree = "<group>"; };
		CA702008282864B000F6BBF2 /* Info.plist */ = {isa = PBXFileReference; lastKnownFileType = text.plist.xml; path = Info.plist; sourceTree = "<group>"; };
		CA70200D282864B000F6BBF2 /* MayDay-Assessment-UIKitTests.xctest */ = {isa = PBXFileReference; explicitFileType = wrapper.cfbundle; includeInIndex = 0; path = "MayDay-Assessment-UIKitTests.xctest"; sourceTree = BUILT_PRODUCTS_DIR; };
		CA702011282864B000F6BBF2 /* MayDay_Assessment_UIKitTests.swift */ = {isa = PBXFileReference; lastKnownFileType = sourcecode.swift; path = MayDay_Assessment_UIKitTests.swift; sourceTree = "<group>"; };
		CA702017282864B000F6BBF2 /* MayDay-Assessment-UIKitUITests.xctest */ = {isa = PBXFileReference; explicitFileType = wrapper.cfbundle; includeInIndex = 0; path = "MayDay-Assessment-UIKitUITests.xctest"; sourceTree = BUILT_PRODUCTS_DIR; };
		CA70201B282864B000F6BBF2 /* MayDay_Assessment_UIKitUITests.swift */ = {isa = PBXFileReference; lastKnownFileType = sourcecode.swift; path = MayDay_Assessment_UIKitUITests.swift; sourceTree = "<group>"; };
		CA70201D282864B000F6BBF2 /* MayDay_Assessment_UIKitUITestsLaunchTests.swift */ = {isa = PBXFileReference; lastKnownFileType = sourcecode.swift; path = MayDay_Assessment_UIKitUITestsLaunchTests.swift; sourceTree = "<group>"; };
/* End PBXFileReference section */

/* Begin PBXFrameworksBuildPhase section */
		CA701FF4282864AF00F6BBF2 /* Frameworks */ = {
			isa = PBXFrameworksBuildPhase;
			buildActionMask = 2147483647;
			files = (
			);
			runOnlyForDeploymentPostprocessing = 0;
		};
		CA70200A282864B000F6BBF2 /* Frameworks */ = {
			isa = PBXFrameworksBuildPhase;
			buildActionMask = 2147483647;
			files = (
			);
			runOnlyForDeploymentPostprocessing = 0;
		};
		CA702014282864B000F6BBF2 /* Frameworks */ = {
			isa = PBXFrameworksBuildPhase;
			buildActionMask = 2147483647;
			files = (
			);
			runOnlyForDeploymentPostprocessing = 0;
		};
/* End PBXFrameworksBuildPhase section */

/* Begin PBXGroup section */
		CA701FEE282864AF00F6BBF2 = {
			isa = PBXGroup;
			children = (
				CA701FF9282864AF00F6BBF2 /* MayDay-Assessment-UIKit */,
				CA702010282864B000F6BBF2 /* MayDay-Assessment-UIKitTests */,
				CA70201A282864B000F6BBF2 /* MayDay-Assessment-UIKitUITests */,
				CA701FF8282864AF00F6BBF2 /* Products */,
			);
			sourceTree = "<group>";
		};
		CA701FF8282864AF00F6BBF2 /* Products */ = {
			isa = PBXGroup;
			children = (
				CA701FF7282864AF00F6BBF2 /* MayDay-Assessment-UIKit.app */,
				CA70200D282864B000F6BBF2 /* MayDay-Assessment-UIKitTests.xctest */,
				CA702017282864B000F6BBF2 /* MayDay-Assessment-UIKitUITests.xctest */,
			);
			name = Products;
			sourceTree = "<group>";
		};
		CA701FF9282864AF00F6BBF2 /* MayDay-Assessment-UIKit */ = {
			isa = PBXGroup;
			children = (
				CA701FFA282864AF00F6BBF2 /* AppDelegate.swift */,
				CA701FFC282864AF00F6BBF2 /* SceneDelegate.swift */,
				CA701FFE282864AF00F6BBF2 /* ViewController.swift */,
				CA702000282864AF00F6BBF2 /* Main.storyboard */,
				CA702003282864B000F6BBF2 /* Assets.xcassets */,
				CA702005282864B000F6BBF2 /* LaunchScreen.storyboard */,
				CA702008282864B000F6BBF2 /* Info.plist */,
			);
			path = "MayDay-Assessment-UIKit";
			sourceTree = "<group>";
		};
		CA702010282864B000F6BBF2 /* MayDay-Assessment-UIKitTests */ = {
			isa = PBXGroup;
			children = (
				CA702011282864B000F6BBF2 /* MayDay_Assessment_UIKitTests.swift */,
			);
			path = "MayDay-Assessment-UIKitTests";
			sourceTree = "<group>";
		};
		CA70201A282864B000F6BBF2 /* MayDay-Assessment-UIKitUITests */ = {
			isa = PBXGroup;
			children = (
				CA70201B282864B000F6BBF2 /* MayDay_Assessment_UIKitUITests.swift */,
				CA70201D282864B000F6BBF2 /* MayDay_Assessment_UIKitUITestsLaunchTests.swift */,
			);
			path = "MayDay-Assessment-UIKitUITests";
			sourceTree = "<group>";
		};
/* End PBXGroup section */

/* Begin PBXNativeTarget section */
		CA701FF6282864AF00F6BBF2 /* MayDay-Assessment-UIKit */ = {
			isa = PBXNativeTarget;
			buildConfigurationList = CA702021282864B000F6BBF2 /* Build configuration list for PBXNativeTarget "MayDay-Assessment-UIKit" */;
			buildPhases = (
				CA701FF3282864AF00F6BBF2 /* Sources */,
				CA701FF4282864AF00F6BBF2 /* Frameworks */,
				CA701FF5282864AF00F6BBF2 /* Resources */,
			);
			buildRules = (
			);
			dependencies = (
			);
			name = "MayDay-Assessment-UIKit";
			productName = "MayDay-Assessment-UIKit";
			productReference = CA701FF7282864AF00F6BBF2 /* MayDay-Assessment-UIKit.app */;
			productType = "com.apple.product-type.application";
		};
		CA70200C282864B000F6BBF2 /* MayDay-Assessment-UIKitTests */ = {
			isa = PBXNativeTarget;
			buildConfigurationList = CA702024282864B000F6BBF2 /* Build configuration list for PBXNativeTarget "MayDay-Assessment-UIKitTests" */;
			buildPhases = (
				CA702009282864B000F6BBF2 /* Sources */,
				CA70200A282864B000F6BBF2 /* Frameworks */,
				CA70200B282864B000F6BBF2 /* Resources */,
			);
			buildRules = (
			);
			dependencies = (
				CA70200F282864B000F6BBF2 /* PBXTargetDependency */,
			);
			name = "MayDay-Assessment-UIKitTests";
			productName = "MayDay-Assessment-UIKitTests";
			productReference = CA70200D282864B000F6BBF2 /* MayDay-Assessment-UIKitTests.xctest */;
			productType = "com.apple.product-type.bundle.unit-test";
		};
		CA702016282864B000F6BBF2 /* MayDay-Assessment-UIKitUITests */ = {
			isa = PBXNativeTarget;
			buildConfigurationList = CA702027282864B000F6BBF2 /* Build configuration list for PBXNativeTarget "MayDay-Assessment-UIKitUITests" */;
			buildPhases = (
				CA702013282864B000F6BBF2 /* Sources */,
				CA702014282864B000F6BBF2 /* Frameworks */,
				CA702015282864B000F6BBF2 /* Resources */,
			);
			buildRules = (
			);
			dependencies = (
				CA702019282864B000F6BBF2 /* PBXTargetDependency */,
			);
			name = "MayDay-Assessment-UIKitUITests";
			productName = "MayDay-Assessment-UIKitUITests";
			productReference = CA702017282864B000F6BBF2 /* MayDay-Assessment-UIKitUITests.xctest */;
			productType = "com.apple.product-type.bundle.ui-testing";
		};
/* End PBXNativeTarget section */

/* Begin PBXProject section */
		CA701FEF282864AF00F6BBF2 /* Project object */ = {
			isa = PBXProject;
			attributes = {
				BuildIndependentTargetsInParallel = 1;
				LastSwiftUpdateCheck = 1320;
				LastUpgradeCheck = 1320;
				TargetAttributes = {
					CA701FF6282864AF00F6BBF2 = {
						CreatedOnToolsVersion = 13.2.1;
					};
					CA70200C282864B000F6BBF2 = {
						CreatedOnToolsVersion = 13.2.1;
						TestTargetID = CA701FF6282864AF00F6BBF2;
					};
					CA702016282864B000F6BBF2 = {
						CreatedOnToolsVersion = 13.2.1;
						TestTargetID = CA701FF6282864AF00F6BBF2;
					};
				};
			};
			buildConfigurationList = CA701FF2282864AF00F6BBF2 /* Build configuration list for PBXProject "MayDay-Assessment-UIKit" */;
			compatibilityVersion = "Xcode 13.0";
			developmentRegion = en;
			hasScannedForEncodings = 0;
			knownRegions = (
				en,
				Base,
			);
			mainGroup = CA701FEE282864AF00F6BBF2;
			productRefGroup = CA701FF8282864AF00F6BBF2 /* Products */;
			projectDirPath = "";
			projectRoot = "";
			targets = (
				CA701FF6282864AF00F6BBF2 /* MayDay-Assessment-UIKit */,
				CA70200C282864B000F6BBF2 /* MayDay-Assessment-UIKitTests */,
				CA702016282864B000F6BBF2 /* MayDay-Assessment-UIKitUITests */,
			);
		};
/* End PBXProject section */

/* Begin PBXResourcesBuildPhase section */
		CA701FF5282864AF00F6BBF2 /* Resources */ = {
			isa = PBXResourcesBuildPhase;
			buildActionMask = 2147483647;
			files = (
				CA702007282864B000F6BBF2 /* LaunchScreen.storyboard in Resources */,
				CA702004282864B000F6BBF2 /* Assets.xcassets in Resources */,
				CA702002282864AF00F6BBF2 /* Main.storyboard in Resources */,
			);
			runOnlyForDeploymentPostprocessing = 0;
		};
		CA70200B282864B000F6BBF2 /* Resources */ = {
			isa = PBXResourcesBuildPhase;
			buildActionMask = 2147483647;
			files = (
			);
			runOnlyForDeploymentPostprocessing = 0;
		};
		CA702015282864B000F6BBF2 /* Resources */ = {
			isa = PBXResourcesBuildPhase;
			buildActionMask = 2147483647;
			files = (
			);
			runOnlyForDeploymentPostprocessing = 0;
		};
/* End PBXResourcesBuildPhase section */

/* Begin PBXSourcesBuildPhase section */
		CA701FF3282864AF00F6BBF2 /* Sources */ = {
			isa = PBXSourcesBuildPhase;
			buildActionMask = 2147483647;
			files = (
				CA701FFF282864AF00F6BBF2 /* ViewController.swift in Sources */,
				CA701FFB282864AF00F6BBF2 /* AppDelegate.swift in Sources */,
				CA701FFD282864AF00F6BBF2 /* SceneDelegate.swift in Sources */,
			);
			runOnlyForDeploymentPostprocessing = 0;
		};
		CA702009282864B000F6BBF2 /* Sources */ = {
			isa = PBXSourcesBuildPhase;
			buildActionMask = 2147483647;
			files = (
				CA702012282864B000F6BBF2 /* MayDay_Assessment_UIKitTests.swift in Sources */,
			);
			runOnlyForDeploymentPostprocessing = 0;
		};
		CA702013282864B000F6BBF2 /* Sources */ = {
			isa = PBXSourcesBuildPhase;
			buildActionMask = 2147483647;
			files = (
				CA70201E282864B000F6BBF2 /* MayDay_Assessment_UIKitUITestsLaunchTests.swift in Sources */,
				CA70201C282864B000F6BBF2 /* MayDay_Assessment_UIKitUITests.swift in Sources */,
			);
			runOnlyForDeploymentPostprocessing = 0;
		};
/* End PBXSourcesBuildPhase section */

/* Begin PBXTargetDependency section */
		CA70200F282864B000F6BBF2 /* PBXTargetDependency */ = {
			isa = PBXTargetDependency;
			target = CA701FF6282864AF00F6BBF2 /* MayDay-Assessment-UIKit */;
			targetProxy = CA70200E282864B000F6BBF2 /* PBXContainerItemProxy */;
		};
		CA702019282864B000F6BBF2 /* PBXTargetDependency */ = {
			isa = PBXTargetDependency;
			target = CA701FF6282864AF00F6BBF2 /* MayDay-Assessment-UIKit */;
			targetProxy = CA702018282864B000F6BBF2 /* PBXContainerItemProxy */;
		};
/* End PBXTargetDependency section */

/* Begin PBXVariantGroup section */
		CA702000282864AF00F6BBF2 /* Main.storyboard */ = {
			isa = PBXVariantGroup;
			children = (
				CA702001282864AF00F6BBF2 /* Base */,
			);
			name = Main.storyboard;
			sourceTree = "<group>";
		};
		CA702005282864B000F6BBF2 /* LaunchScreen.storyboard */ = {
			isa = PBXVariantGroup;
			children = (
				CA702006282864B000F6BBF2 /* Base */,
			);
			name = LaunchScreen.storyboard;
			sourceTree = "<group>";
		};
/* End PBXVariantGroup section */

/* Begin XCBuildConfiguration section */
		CA70201F282864B000F6BBF2 /* Debug */ = {
			isa = XCBuildConfiguration;
			buildSettings = {
				ALWAYS_SEARCH_USER_PATHS = NO;
				CLANG_ANALYZER_NONNULL = YES;
				CLANG_ANALYZER_NUMBER_OBJECT_CONVERSION = YES_AGGRESSIVE;
				CLANG_CXX_LANGUAGE_STANDARD = "gnu++17";
				CLANG_CXX_LIBRARY = "libc++";
				CLANG_ENABLE_MODULES = YES;
				CLANG_ENABLE_OBJC_ARC = YES;
				CLANG_ENABLE_OBJC_WEAK = YES;
				CLANG_WARN_BLOCK_CAPTURE_AUTORELEASING = YES;
				CLANG_WARN_BOOL_CONVERSION = YES;
				CLANG_WARN_COMMA = YES;
				CLANG_WARN_CONSTANT_CONVERSION = YES;
				CLANG_WARN_DEPRECATED_OBJC_IMPLEMENTATIONS = YES;
				CLANG_WARN_DIRECT_OBJC_ISA_USAGE = YES_ERROR;
				CLANG_WARN_DOCUMENTATION_COMMENTS = YES;
				CLANG_WARN_EMPTY_BODY = YES;
				CLANG_WARN_ENUM_CONVERSION = YES;
				CLANG_WARN_INFINITE_RECURSION = YES;
				CLANG_WARN_INT_CONVERSION = YES;
				CLANG_WARN_NON_LITERAL_NULL_CONVERSION = YES;
				CLANG_WARN_OBJC_IMPLICIT_RETAIN_SELF = YES;
				CLANG_WARN_OBJC_LITERAL_CONVERSION = YES;
				CLANG_WARN_OBJC_ROOT_CLASS = YES_ERROR;
				CLANG_WARN_QUOTED_INCLUDE_IN_FRAMEWORK_HEADER = YES;
				CLANG_WARN_RANGE_LOOP_ANALYSIS = YES;
				CLANG_WARN_STRICT_PROTOTYPES = YES;
				CLANG_WARN_SUSPICIOUS_MOVE = YES;
				CLANG_WARN_UNGUARDED_AVAILABILITY = YES_AGGRESSIVE;
				CLANG_WARN_UNREACHABLE_CODE = YES;
				CLANG_WARN__DUPLICATE_METHOD_MATCH = YES;
				COPY_PHASE_STRIP = NO;
				DEBUG_INFORMATION_FORMAT = dwarf;
				ENABLE_STRICT_OBJC_MSGSEND = YES;
				ENABLE_TESTABILITY = YES;
				GCC_C_LANGUAGE_STANDARD = gnu11;
				GCC_DYNAMIC_NO_PIC = NO;
				GCC_NO_COMMON_BLOCKS = YES;
				GCC_OPTIMIZATION_LEVEL = 0;
				GCC_PREPROCESSOR_DEFINITIONS = (
					"DEBUG=1",
					"$(inherited)",
				);
				GCC_WARN_64_TO_32_BIT_CONVERSION = YES;
				GCC_WARN_ABOUT_RETURN_TYPE = YES_ERROR;
				GCC_WARN_UNDECLARED_SELECTOR = YES;
				GCC_WARN_UNINITIALIZED_AUTOS = YES_AGGRESSIVE;
				GCC_WARN_UNUSED_FUNCTION = YES;
				GCC_WARN_UNUSED_VARIABLE = YES;
				IPHONEOS_DEPLOYMENT_TARGET = 15.2;
				MTL_ENABLE_DEBUG_INFO = INCLUDE_SOURCE;
				MTL_FAST_MATH = YES;
				ONLY_ACTIVE_ARCH = YES;
				SDKROOT = iphoneos;
				SWIFT_ACTIVE_COMPILATION_CONDITIONS = DEBUG;
				SWIFT_OPTIMIZATION_LEVEL = "-Onone";
			};
			name = Debug;
		};
		CA702020282864B000F6BBF2 /* Release */ = {
			isa = XCBuildConfiguration;
			buildSettings = {
				ALWAYS_SEARCH_USER_PATHS = NO;
				CLANG_ANALYZER_NONNULL = YES;
				CLANG_ANALYZER_NUMBER_OBJECT_CONVERSION = YES_AGGRESSIVE;
				CLANG_CXX_LANGUAGE_STANDARD = "gnu++17";
				CLANG_CXX_LIBRARY = "libc++";
				CLANG_ENABLE_MODULES = YES;
				CLANG_ENABLE_OBJC_ARC = YES;
				CLANG_ENABLE_OBJC_WEAK = YES;
				CLANG_WARN_BLOCK_CAPTURE_AUTORELEASING = YES;
				CLANG_WARN_BOOL_CONVERSION = YES;
				CLANG_WARN_COMMA = YES;
				CLANG_WARN_CONSTANT_CONVERSION = YES;
				CLANG_WARN_DEPRECATED_OBJC_IMPLEMENTATIONS = YES;
				CLANG_WARN_DIRECT_OBJC_ISA_USAGE = YES_ERROR;
				CLANG_WARN_DOCUMENTATION_COMMENTS = YES;
				CLANG_WARN_EMPTY_BODY = YES;
				CLANG_WARN_ENUM_CONVERSION = YES;
				CLANG_WARN_INFINITE_RECURSION = YES;
				CLANG_WARN_INT_CONVERSION = YES;
				CLANG_WARN_NON_LITERAL_NULL_CONVERSION = YES;
				CLANG_WARN_OBJC_IMPLICIT_RETAIN_SELF = YES;
				CLANG_WARN_OBJC_LITERAL_CONVERSION = YES;
				CLANG_WARN_OBJC_ROOT_CLASS = YES_ERROR;
				CLANG_WARN_QUOTED_INCLUDE_IN_FRAMEWORK_HEADER = YES;
				CLANG_WARN_RANGE_LOOP_ANALYSIS = YES;
				CLANG_WARN_STRICT_PROTOTYPES = YES;
				CLANG_WARN_SUSPICIOUS_MOVE = YES;
				CLANG_WARN_UNGUARDED_AVAILABILITY = YES_AGGRESSIVE;
				CLANG_WARN_UNREACHABLE_CODE = YES;
				CLANG_WARN__DUPLICATE_METHOD_MATCH = YES;
				COPY_PHASE_STRIP = NO;
				DEBUG_INFORMATION_FORMAT = "dwarf-with-dsym";
				ENABLE_NS_ASSERTIONS = NO;
				ENABLE_STRICT_OBJC_MSGSEND = YES;
				GCC_C_LANGUAGE_STANDARD = gnu11;
				GCC_NO_COMMON_BLOCKS = YES;
				GCC_WARN_64_TO_32_BIT_CONVERSION = YES;
				GCC_WARN_ABOUT_RETURN_TYPE = YES_ERROR;
				GCC_WARN_UNDECLARED_SELECTOR = YES;
				GCC_WARN_UNINITIALIZED_AUTOS = YES_AGGRESSIVE;
				GCC_WARN_UNUSED_FUNCTION = YES;
				GCC_WARN_UNUSED_VARIABLE = YES;
				IPHONEOS_DEPLOYMENT_TARGET = 15.2;
				MTL_ENABLE_DEBUG_INFO = NO;
				MTL_FAST_MATH = YES;
				SDKROOT = iphoneos;
				SWIFT_COMPILATION_MODE = wholemodule;
				SWIFT_OPTIMIZATION_LEVEL = "-O";
				VALIDATE_PRODUCT = YES;
			};
			name = Release;
		};
		CA702022282864B000F6BBF2 /* Debug */ = {
			isa = XCBuildConfiguration;
			buildSettings = {
				ASSETCATALOG_COMPILER_APPICON_NAME = AppIcon;
				ASSETCATALOG_COMPILER_GLOBAL_ACCENT_COLOR_NAME = AccentColor;
				CODE_SIGN_STYLE = Automatic;
				CURRENT_PROJECT_VERSION = 1;
				DEVELOPMENT_TEAM = TG8B23T2L3;
				GENERATE_INFOPLIST_FILE = YES;
				INFOPLIST_FILE = "MayDay-Assessment-UIKit/Info.plist";
				INFOPLIST_KEY_UIApplicationSupportsIndirectInputEvents = YES;
				INFOPLIST_KEY_UILaunchStoryboardName = LaunchScreen;
				INFOPLIST_KEY_UIMainStoryboardFile = Main;
				INFOPLIST_KEY_UISupportedInterfaceOrientations_iPad = "UIInterfaceOrientationPortrait UIInterfaceOrientationPortraitUpsideDown UIInterfaceOrientationLandscapeLeft UIInterfaceOrientationLandscapeRight";
				INFOPLIST_KEY_UISupportedInterfaceOrientations_iPhone = "UIInterfaceOrientationPortrait UIInterfaceOrientationLandscapeLeft UIInterfaceOrientationLandscapeRight";
				LD_RUNPATH_SEARCH_PATHS = (
					"$(inherited)",
					"@executable_path/Frameworks",
				);
				MARKETING_VERSION = 1.0;
				PRODUCT_BUNDLE_IDENTIFIER = "com.yousefahmed.MayDay-Assessment-UIKit";
				PRODUCT_NAME = "$(TARGET_NAME)";
				SWIFT_EMIT_LOC_STRINGS = YES;
				SWIFT_VERSION = 5.0;
				TARGETED_DEVICE_FAMILY = "1,2";
			};
			name = Debug;
		};
		CA702023282864B000F6BBF2 /* Release */ = {
			isa = XCBuildConfiguration;
			buildSettings = {
				ASSETCATALOG_COMPILER_APPICON_NAME = AppIcon;
				ASSETCATALOG_COMPILER_GLOBAL_ACCENT_COLOR_NAME = AccentColor;
				CODE_SIGN_STYLE = Automatic;
				CURRENT_PROJECT_VERSION = 1;
				DEVELOPMENT_TEAM = TG8B23T2L3;
				GENERATE_INFOPLIST_FILE = YES;
				INFOPLIST_FILE = "MayDay-Assessment-UIKit/Info.plist";
				INFOPLIST_KEY_UIApplicationSupportsIndirectInputEvents = YES;
				INFOPLIST_KEY_UILaunchStoryboardName = LaunchScreen;
				INFOPLIST_KEY_UIMainStoryboardFile = Main;
				INFOPLIST_KEY_UISupportedInterfaceOrientations_iPad = "UIInterfaceOrientationPortrait UIInterfaceOrientationPortraitUpsideDown UIInterfaceOrientationLandscapeLeft UIInterfaceOrientationLandscapeRight";
				INFOPLIST_KEY_UISupportedInterfaceOrientations_iPhone = "UIInterfaceOrientationPortrait UIInterfaceOrientationLandscapeLeft UIInterfaceOrientationLandscapeRight";
				LD_RUNPATH_SEARCH_PATHS = (
					"$(inherited)",
					"@executable_path/Frameworks",
				);
				MARKETING_VERSION = 1.0;
				PRODUCT_BUNDLE_IDENTIFIER = "com.yousefahmed.MayDay-Assessment-UIKit";
				PRODUCT_NAME = "$(TARGET_NAME)";
				SWIFT_EMIT_LOC_STRINGS = YES;
				SWIFT_VERSION = 5.0;
				TARGETED_DEVICE_FAMILY = "1,2";
			};
			name = Release;
		};
		CA702025282864B000F6BBF2 /* Debug */ = {
			isa = XCBuildConfiguration;
			buildSettings = {
				ALWAYS_EMBED_SWIFT_STANDARD_LIBRARIES = YES;
				BUNDLE_LOADER = "$(TEST_HOST)";
				CODE_SIGN_STYLE = Automatic;
				CURRENT_PROJECT_VERSION = 1;
				DEVELOPMENT_TEAM = TG8B23T2L3;
				GENERATE_INFOPLIST_FILE = YES;
				IPHONEOS_DEPLOYMENT_TARGET = 15.2;
				MARKETING_VERSION = 1.0;
				PRODUCT_BUNDLE_IDENTIFIER = "com.yousefahmed.MayDay-Assessment-UIKitTests";
				PRODUCT_NAME = "$(TARGET_NAME)";
				SWIFT_EMIT_LOC_STRINGS = NO;
				SWIFT_VERSION = 5.0;
				TARGETED_DEVICE_FAMILY = "1,2";
				TEST_HOST = "$(BUILT_PRODUCTS_DIR)/MayDay-Assessment-UIKit.app/MayDay-Assessment-UIKit";
			};
			name = Debug;
		};
		CA702026282864B000F6BBF2 /* Release */ = {
			isa = XCBuildConfiguration;
			buildSettings = {
				ALWAYS_EMBED_SWIFT_STANDARD_LIBRARIES = YES;
				BUNDLE_LOADER = "$(TEST_HOST)";
				CODE_SIGN_STYLE = Automatic;
				CURRENT_PROJECT_VERSION = 1;
				DEVELOPMENT_TEAM = TG8B23T2L3;
				GENERATE_INFOPLIST_FILE = YES;
				IPHONEOS_DEPLOYMENT_TARGET = 15.2;
				MARKETING_VERSION = 1.0;
				PRODUCT_BUNDLE_IDENTIFIER = "com.yousefahmed.MayDay-Assessment-UIKitTests";
				PRODUCT_NAME = "$(TARGET_NAME)";
				SWIFT_EMIT_LOC_STRINGS = NO;
				SWIFT_VERSION = 5.0;
				TARGETED_DEVICE_FAMILY = "1,2";
				TEST_HOST = "$(BUILT_PRODUCTS_DIR)/MayDay-Assessment-UIKit.app/MayDay-Assessment-UIKit";
			};
			name = Release;
		};
		CA702028282864B000F6BBF2 /* Debug */ = {
			isa = XCBuildConfiguration;
			buildSettings = {
				ALWAYS_EMBED_SWIFT_STANDARD_LIBRARIES = YES;
				CODE_SIGN_STYLE = Automatic;
				CURRENT_PROJECT_VERSION = 1;
				DEVELOPMENT_TEAM = TG8B23T2L3;
				GENERATE_INFOPLIST_FILE = YES;
				MARKETING_VERSION = 1.0;
				PRODUCT_BUNDLE_IDENTIFIER = "com.yousefahmed.MayDay-Assessment-UIKitUITests";
				PRODUCT_NAME = "$(TARGET_NAME)";
				SWIFT_EMIT_LOC_STRINGS = NO;
				SWIFT_VERSION = 5.0;
				TARGETED_DEVICE_FAMILY = "1,2";
				TEST_TARGET_NAME = "MayDay-Assessment-UIKit";
			};
			name = Debug;
		};
		CA702029282864B000F6BBF2 /* Release */ = {
			isa = XCBuildConfiguration;
			buildSettings = {
				ALWAYS_EMBED_SWIFT_STANDARD_LIBRARIES = YES;
				CODE_SIGN_STYLE = Automatic;
				CURRENT_PROJECT_VERSION = 1;
				DEVELOPMENT_TEAM = TG8B23T2L3;
				GENERATE_INFOPLIST_FILE = YES;
				MARKETING_VERSION = 1.0;
				PRODUCT_BUNDLE_IDENTIFIER = "com.yousefahmed.MayDay-Assessment-UIKitUITests";
				PRODUCT_NAME = "$(TARGET_NAME)";
				SWIFT_EMIT_LOC_STRINGS = NO;
				SWIFT_VERSION = 5.0;
				TARGETED_DEVICE_FAMILY = "1,2";
				TEST_TARGET_NAME = "MayDay-Assessment-UIKit";
			};
			name = Release;
		};
/* End XCBuildConfiguration section */

/* Begin XCConfigurationList section */
		CA701FF2282864AF00F6BBF2 /* Build configuration list for PBXProject "MayDay-Assessment-UIKit" */ = {
			isa = XCConfigurationList;
			buildConfigurations = (
				CA70201F282864B000F6BBF2 /* Debug */,
				CA702020282864B000F6BBF2 /* Release */,
			);
			defaultConfigurationIsVisible = 0;
			defaultConfigurationName = Release;
		};
		CA702021282864B000F6BBF2 /* Build configuration list for PBXNativeTarget "MayDay-Assessment-UIKit" */ = {
			isa = XCConfigurationList;
			buildConfigurations = (
				CA702022282864B000F6BBF2 /* Debug */,
				CA702023282864B000F6BBF2 /* Release */,
			);
			defaultConfigurationIsVisible = 0;
			defaultConfigurationName = Release;
		};
		CA702024282864B000F6BBF2 /* Build configuration list for PBXNativeTarget "MayDay-Assessment-UIKitTests" */ = {
			isa = XCConfigurationList;
			buildConfigurations = (
				CA702025282864B000F6BBF2 /* Debug */,
				CA702026282864B000F6BBF2 /* Release */,
			);
			defaultConfigurationIsVisible = 0;
			defaultConfigurationName = Release;
		};
		CA702027282864B000F6BBF2 /* Build configuration list for PBXNativeTarget "MayDay-Assessment-UIKitUITests" */ = {
			isa = XCConfigurationList;
			buildConfigurations = (
				CA702028282864B000F6BBF2 /* Debug */,
				CA702029282864B000F6BBF2 /* Release */,
			);
			defaultConfigurationIsVisible = 0;
			defaultConfigurationName = Release;
		};
/* End XCConfigurationList section */
	};
	rootObject = CA701FEF282864AF00F6BBF2 /* Project object */;
}
